
Microsoft Visual Studio Solution File, Format Version 11.00
# Visual Studio 2010
Project("{FAE04EC0-301F-11D3-BF4B-00C04F79EFBC}") = "Assembly-CSharp", "Assembly-CSharp.csproj", "{A3A312CB-6C93-6977-83FE-2F0284A333A8}"
EndProject
Project("{FAE04EC0-301F-11D3-BF4B-00C04F79EFBC}") = "Assembly-CSharp-Editor", "Assembly-CSharp-Editor.csproj", "{77EF592D-236D-130B-75E0-4C6095240A4A}"
EndProject
Global
	GlobalSection(SolutionConfigurationPlatforms) = preSolution
		Debug|Any CPU = Debug|Any CPU
		Release|Any CPU = Release|Any CPU
	EndGlobalSection
	GlobalSection(ProjectConfigurationPlatforms) = postSolution
		{A3A312CB-6C93-6977-83FE-2F0284A333A8}.Debug|Any CPU.ActiveCfg = Debug|Any CPU
		{A3A312CB-6C93-6977-83FE-2F0284A333A8}.Debug|Any CPU.Build.0 = Debug|Any CPU
		{A3A312CB-6C93-6977-83FE-2F0284A333A8}.Release|Any CPU.ActiveCfg = Release|Any CPU
		{A3A312CB-6C93-6977-83FE-2F0284A333A8}.Release|Any CPU.Build.0 = Release|Any CPU
		{77EF592D-236D-130B-75E0-4C6095240A4A}.Debug|Any CPU.ActiveCfg = Debug|Any CPU
		{77EF592D-236D-130B-75E0-4C6095240A4A}.Debug|Any CPU.Build.0 = Debug|Any CPU
		{77EF592D-236D-130B-75E0-4C6095240A4A}.Release|Any CPU.ActiveCfg = Release|Any CPU
		{77EF592D-236D-130B-75E0-4C6095240A4A}.Release|Any CPU.Build.0 = Release|Any CPU
	EndGlobalSection
	GlobalSection(SolutionProperties) = preSolution
		HideSolutionNode = FALSE
	EndGlobalSection
	GlobalSection(MonoDevelopProperties) = preSolution
		StartupItem = Assembly-CSharp.csproj
	EndGlobalSection
EndGlobal
